
Microsoft Visual Studio Solution File, Format Version 12.00
# Visual Studio Version 17
VisualStudioVersion = 17.3.32929.385
MinimumVisualStudioVersion = 10.0.40219.1
Project("{9A19103F-16F7-4668-BE54-9A1E7A4F7556}") = "VNPayPackage", "VNPayPackage\VNPayPackage.csproj", "{9F7B32E3-C889-4E28-ACA9-9AD6A85FBC32}"
EndProject
Project("{FAE04EC0-301F-11D3-BF4B-00C04F79EFBC}") = "TestPack", "TestPack\TestPack.csproj", "{E649C017-122B-4975-8956-B6522CBBD666}"
EndProject
Global
	GlobalSection(SolutionConfigurationPlatforms) = preSolution
		Debug|Any CPU = Debug|Any CPU
		Release|Any CPU = Release|Any CPU
	EndGlobalSection
	GlobalSection(ProjectConfigurationPlatforms) = postSolution
		{9F7B32E3-C889-4E28-ACA9-9AD6A85FBC32}.Debug|Any CPU.ActiveCfg = Debug|Any CPU
		{9F7B32E3-C889-4E28-ACA9-9AD6A85FBC32}.Debug|Any CPU.Build.0 = Debug|Any CPU
		{9F7B32E3-C889-4E28-ACA9-9AD6A85FBC32}.Release|Any CPU.ActiveCfg = Release|Any CPU
		{9F7B32E3-C889-4E28-ACA9-9AD6A85FBC32}.Release|Any CPU.Build.0 = Release|Any CPU
		{E649C017-122B-4975-8956-B6522CBBD666}.Debug|Any CPU.ActiveCfg = Debug|Any CPU
		{E649C017-122B-4975-8956-B6522CBBD666}.Debug|Any CPU.Build.0 = Debug|Any CPU
		{E649C017-122B-4975-8956-B6522CBBD666}.Release|Any CPU.ActiveCfg = Release|Any CPU
		{E649C017-122B-4975-8956-B6522CBBD666}.Release|Any CPU.Build.0 = Release|Any CPU
	EndGlobalSection
	GlobalSection(SolutionProperties) = preSolution
		HideSolutionNode = FALSE
	EndGlobalSection
	GlobalSection(ExtensibilityGlobals) = postSolution
		SolutionGuid = {7ED6F534-3644-4CA3-B2E4-D6931FC9F95C}
	EndGlobalSection
EndGlobal
